// !$*UTF8*$!
{
	archiveVersion = 1;
	classes = {
	};
	objectVersion = 55;
	objects = {

/* Begin PBXBuildFile section */
		D284206A288A042000EF956A /* AppDelegate.swift in Sources */ = {isa = PBXBuildFile; fileRef = D2842069288A042000EF956A /* AppDelegate.swift */; };
		D284206C288A042000EF956A /* SceneDelegate.swift in Sources */ = {isa = PBXBuildFile; fileRef = D284206B288A042000EF956A /* SceneDelegate.swift */; };
		D284206E288A042000EF956A /* ViewController.swift in Sources */ = {isa = PBXBuildFile; fileRef = D284206D288A042000EF956A /* ViewController.swift */; };
		D2842071288A042000EF956A /* Main.storyboard in Resources */ = {isa = PBXBuildFile; fileRef = D284206F288A042000EF956A /* Main.storyboard */; };
		D2842073288A042100EF956A /* Assets.xcassets in Resources */ = {isa = PBXBuildFile; fileRef = D2842072288A042100EF956A /* Assets.xcassets */; };
		D2842076288A042100EF956A /* LaunchScreen.storyboard in Resources */ = {isa = PBXBuildFile; fileRef = D2842074288A042100EF956A /* LaunchScreen.storyboard */; };
		D2842081288A042100EF956A /* contentBlockerTestTests.swift in Sources */ = {isa = PBXBuildFile; fileRef = D2842080288A042100EF956A /* contentBlockerTestTests.swift */; };
		D284208B288A042100EF956A /* contentBlockerTestUITests.swift in Sources */ = {isa = PBXBuildFile; fileRef = D284208A288A042100EF956A /* contentBlockerTestUITests.swift */; };
		D284208D288A042100EF956A /* contentBlockerTestUITestsLaunchTests.swift in Sources */ = {isa = PBXBuildFile; fileRef = D284208C288A042100EF956A /* contentBlockerTestUITestsLaunchTests.swift */; };
/* End PBXBuildFile section */

/* Begin PBXContainerItemProxy section */
		D284207D288A042100EF956A /* PBXContainerItemProxy */ = {
			isa = PBXContainerItemProxy;
			containerPortal = D284205E288A042000EF956A /* Project object */;
			proxyType = 1;
			remoteGlobalIDString = D2842065288A042000EF956A;
			remoteInfo = contentBlockerTest;
		};
		D2842087288A042100EF956A /* PBXContainerItemProxy */ = {
			isa = PBXContainerItemProxy;
			containerPortal = D284205E288A042000EF956A /* Project object */;
			proxyType = 1;
			remoteGlobalIDString = D2842065288A042000EF956A;
			remoteInfo = contentBlockerTest;
		};
/* End PBXContainerItemProxy section */

/* Begin PBXFileReference section */
		D2842066288A042000EF956A /* contentBlockerTest.app */ = {isa = PBXFileReference; explicitFileType = wrapper.application; includeInIndex = 0; path = contentBlockerTest.app; sourceTree = BUILT_PRODUCTS_DIR; };
		D2842069288A042000EF956A /* AppDelegate.swift */ = {isa = PBXFileReference; lastKnownFileType = sourcecode.swift; path = AppDelegate.swift; sourceTree = "<group>"; };
		D284206B288A042000EF956A /* SceneDelegate.swift */ = {isa = PBXFileReference; lastKnownFileType = sourcecode.swift; path = SceneDelegate.swift; sourceTree = "<group>"; };
		D284206D288A042000EF956A /* ViewController.swift */ = {isa = PBXFileReference; lastKnownFileType = sourcecode.swift; path = ViewController.swift; sourceTree = "<group>"; };
		D2842070288A042000EF956A /* Base */ = {isa = PBXFileReference; lastKnownFileType = file.storyboard; name = Base; path = Base.lproj/Main.storyboard; sourceTree = "<group>"; };
		D2842072288A042100EF956A /* Assets.xcassets */ = {isa = PBXFileReference; lastKnownFileType = folder.assetcatalog; path = Assets.xcassets; sourceTree = "<group>"; };
		D2842075288A042100EF956A /* Base */ = {isa = PBXFileReference; lastKnownFileType = file.storyboard; name = Base; path = Base.lproj/LaunchScreen.storyboard; sourceTree = "<group>"; };
		D2842077288A042100EF956A /* Info.plist */ = {isa = PBXFileReference; lastKnownFileType = text.plist.xml; path = Info.plist; sourceTree = "<group>"; };
		D284207C288A042100EF956A /* contentBlockerTestTests.xctest */ = {isa = PBXFileReference; explicitFileType = wrapper.cfbundle; includeInIndex = 0; path = contentBlockerTestTests.xctest; sourceTree = BUILT_PRODUCTS_DIR; };
		D2842080288A042100EF956A /* contentBlockerTestTests.swift */ = {isa = PBXFileReference; lastKnownFileType = sourcecode.swift; path = contentBlockerTestTests.swift; sourceTree = "<group>"; };
		D2842086288A042100EF956A /* contentBlockerTestUITests.xctest */ = {isa = PBXFileReference; explicitFileType = wrapper.cfbundle; includeInIndex = 0; path = contentBlockerTestUITests.xctest; sourceTree = BUILT_PRODUCTS_DIR; };
		D284208A288A042100EF956A /* contentBlockerTestUITests.swift */ = {isa = PBXFileReference; lastKnownFileType = sourcecode.swift; path = contentBlockerTestUITests.swift; sourceTree = "<group>"; };
		D284208C288A042100EF956A /* contentBlockerTestUITestsLaunchTests.swift */ = {isa = PBXFileReference; lastKnownFileType = sourcecode.swift; path = contentBlockerTestUITestsLaunchTests.swift; sourceTree = "<group>"; };
/* End PBXFileReference section */

/* Begin PBXFrameworksBuildPhase section */
		D2842063288A042000EF956A /* Frameworks */ = {
			isa = PBXFrameworksBuildPhase;
			buildActionMask = 2147483647;
			files = (
			);
			runOnlyForDeploymentPostprocessing = 0;
		};
		D2842079288A042100EF956A /* Frameworks */ = {
			isa = PBXFrameworksBuildPhase;
			buildActionMask = 2147483647;
			files = (
			);
			runOnlyForDeploymentPostprocessing = 0;
		};
		D2842083288A042100EF956A /* Frameworks */ = {
			isa = PBXFrameworksBuildPhase;
			buildActionMask = 2147483647;
			files = (
			);
			runOnlyForDeploymentPostprocessing = 0;
		};
/* End PBXFrameworksBuildPhase section */

/* Begin PBXGroup section */
		D284205D288A042000EF956A = {
			isa = PBXGroup;
			children = (
				D2842068288A042000EF956A /* contentBlockerTest */,
				D284207F288A042100EF956A /* contentBlockerTestTests */,
				D2842089288A042100EF956A /* contentBlockerTestUITests */,
				D2842067288A042000EF956A /* Products */,
			);
			sourceTree = "<group>";
		};
		D2842067288A042000EF956A /* Products */ = {
			isa = PBXGroup;
			children = (
				D2842066288A042000EF956A /* contentBlockerTest.app */,
				D284207C288A042100EF956A /* contentBlockerTestTests.xctest */,
				D2842086288A042100EF956A /* contentBlockerTestUITests.xctest */,
			);
			name = Products;
			sourceTree = "<group>";
		};
		D2842068288A042000EF956A /* contentBlockerTest */ = {
			isa = PBXGroup;
			children = (
				D2842069288A042000EF956A /* AppDelegate.swift */,
				D284206B288A042000EF956A /* SceneDelegate.swift */,
				D284206D288A042000EF956A /* ViewController.swift */,
				D284206F288A042000EF956A /* Main.storyboard */,
				D2842072288A042100EF956A /* Assets.xcassets */,
				D2842074288A042100EF956A /* LaunchScreen.storyboard */,
				D2842077288A042100EF956A /* Info.plist */,
			);
			path = contentBlockerTest;
			sourceTree = "<group>";
		};
		D284207F288A042100EF956A /* contentBlockerTestTests */ = {
			isa = PBXGroup;
			children = (
				D2842080288A042100EF956A /* contentBlockerTestTests.swift */,
			);
			path = contentBlockerTestTests;
			sourceTree = "<group>";
		};
		D2842089288A042100EF956A /* contentBlockerTestUITests */ = {
			isa = PBXGroup;
			children = (
				D284208A288A042100EF956A /* contentBlockerTestUITests.swift */,
				D284208C288A042100EF956A /* contentBlockerTestUITestsLaunchTests.swift */,
			);
			path = contentBlockerTestUITests;
			sourceTree = "<group>";
		};
/* End PBXGroup section */

/* Begin PBXNativeTarget section */
		D2842065288A042000EF956A /* contentBlockerTest */ = {
			isa = PBXNativeTarget;
			buildConfigurationList = D2842090288A042100EF956A /* Build configuration list for PBXNativeTarget "contentBlockerTest" */;
			buildPhases = (
				D2842062288A042000EF956A /* Sources */,
				D2842063288A042000EF956A /* Frameworks */,
				D2842064288A042000EF956A /* Resources */,
			);
			buildRules = (
			);
			dependencies = (
			);
			name = contentBlockerTest;
			productName = contentBlockerTest;
			productReference = D2842066288A042000EF956A /* contentBlockerTest.app */;
			productType = "com.apple.product-type.application";
		};
		D284207B288A042100EF956A /* contentBlockerTestTests */ = {
			isa = PBXNativeTarget;
			buildConfigurationList = D2842093288A042100EF956A /* Build configuration list for PBXNativeTarget "contentBlockerTestTests" */;
			buildPhases = (
				D2842078288A042100EF956A /* Sources */,
				D2842079288A042100EF956A /* Frameworks */,
				D284207A288A042100EF956A /* Resources */,
			);
			buildRules = (
			);
			dependencies = (
				D284207E288A042100EF956A /* PBXTargetDependency */,
			);
			name = contentBlockerTestTests;
			productName = contentBlockerTestTests;
			productReference = D284207C288A042100EF956A /* contentBlockerTestTests.xctest */;
			productType = "com.apple.product-type.bundle.unit-test";
		};
		D2842085288A042100EF956A /* contentBlockerTestUITests */ = {
			isa = PBXNativeTarget;
			buildConfigurationList = D2842096288A042100EF956A /* Build configuration list for PBXNativeTarget "contentBlockerTestUITests" */;
			buildPhases = (
				D2842082288A042100EF956A /* Sources */,
				D2842083288A042100EF956A /* Frameworks */,
				D2842084288A042100EF956A /* Resources */,
			);
			buildRules = (
			);
			dependencies = (
				D2842088288A042100EF956A /* PBXTargetDependency */,
			);
			name = contentBlockerTestUITests;
			productName = contentBlockerTestUITests;
			productReference = D2842086288A042100EF956A /* contentBlockerTestUITests.xctest */;
			productType = "com.apple.product-type.bundle.ui-testing";
		};
/* End PBXNativeTarget section */

/* Begin PBXProject section */
		D284205E288A042000EF956A /* Project object */ = {
			isa = PBXProject;
			attributes = {
				BuildIndependentTargetsInParallel = 1;
				LastSwiftUpdateCheck = 1340;
				LastUpgradeCheck = 1340;
				TargetAttributes = {
					D2842065288A042000EF956A = {
						CreatedOnToolsVersion = 13.4.1;
					};
					D284207B288A042100EF956A = {
						CreatedOnToolsVersion = 13.4.1;
						TestTargetID = D2842065288A042000EF956A;
					};
					D2842085288A042100EF956A = {
						CreatedOnToolsVersion = 13.4.1;
						TestTargetID = D2842065288A042000EF956A;
					};
				};
			};
			buildConfigurationList = D2842061288A042000EF956A /* Build configuration list for PBXProject "contentBlockerTest" */;
			compatibilityVersion = "Xcode 13.0";
			developmentRegion = en;
			hasScannedForEncodings = 0;
			knownRegions = (
				en,
				Base,
			);
			mainGroup = D284205D288A042000EF956A;
			productRefGroup = D2842067288A042000EF956A /* Products */;
			projectDirPath = "";
			projectRoot = "";
			targets = (
				D2842065288A042000EF956A /* contentBlockerTest */,
				D284207B288A042100EF956A /* contentBlockerTestTests */,
				D2842085288A042100EF956A /* contentBlockerTestUITests */,
			);
		};
/* End PBXProject section */

/* Begin PBXResourcesBuildPhase section */
		D2842064288A042000EF956A /* Resources */ = {
			isa = PBXResourcesBuildPhase;
			buildActionMask = 2147483647;
			files = (
				D2842076288A042100EF956A /* LaunchScreen.storyboard in Resources */,
				D2842073288A042100EF956A /* Assets.xcassets in Resources */,
				D2842071288A042000EF956A /* Main.storyboard in Resources */,
			);
			runOnlyForDeploymentPostprocessing = 0;
		};
		D284207A288A042100EF956A /* Resources */ = {
			isa = PBXResourcesBuildPhase;
			buildActionMask = 2147483647;
			files = (
			);
			runOnlyForDeploymentPostprocessing = 0;
		};
		D2842084288A042100EF956A /* Resources */ = {
			isa = PBXResourcesBuildPhase;
			buildActionMask = 2147483647;
			files = (
			);
			runOnlyForDeploymentPostprocessing = 0;
		};
/* End PBXResourcesBuildPhase section */

/* Begin PBXSourcesBuildPhase section */
		D2842062288A042000EF956A /* Sources */ = {
			isa = PBXSourcesBuildPhase;
			buildActionMask = 2147483647;
			files = (
				D284206E288A042000EF956A /* ViewController.swift in Sources */,
				D284206A288A042000EF956A /* AppDelegate.swift in Sources */,
				D284206C288A042000EF956A /* SceneDelegate.swift in Sources */,
			);
			runOnlyForDeploymentPostprocessing = 0;
		};
		D2842078288A042100EF956A /* Sources */ = {
			isa = PBXSourcesBuildPhase;
			buildActionMask = 2147483647;
			files = (
				D2842081288A042100EF956A /* contentBlockerTestTests.swift in Sources */,
			);
			runOnlyForDeploymentPostprocessing = 0;
		};
		D2842082288A042100EF956A /* Sources */ = {
			isa = PBXSourcesBuildPhase;
			buildActionMask = 2147483647;
			files = (
				D284208B288A042100EF956A /* contentBlockerTestUITests.swift in Sources */,
				D284208D288A042100EF956A /* contentBlockerTestUITestsLaunchTests.swift in Sources */,
			);
			runOnlyForDeploymentPostprocessing = 0;
		};
/* End PBXSourcesBuildPhase section */

/* Begin PBXTargetDependency section */
		D284207E288A042100EF956A /* PBXTargetDependency */ = {
			isa = PBXTargetDependency;
			target = D2842065288A042000EF956A /* contentBlockerTest */;
			targetProxy = D284207D288A042100EF956A /* PBXContainerItemProxy */;
		};
		D2842088288A042100EF956A /* PBXTargetDependency */ = {
			isa = PBXTargetDependency;
			target = D2842065288A042000EF956A /* contentBlockerTest */;
			targetProxy = D2842087288A042100EF956A /* PBXContainerItemProxy */;
		};
/* End PBXTargetDependency section */

/* Begin PBXVariantGroup section */
		D284206F288A042000EF956A /* Main.storyboard */ = {
			isa = PBXVariantGroup;
			children = (
				D2842070288A042000EF956A /* Base */,
			);
			name = Main.storyboard;
			sourceTree = "<group>";
		};
		D2842074288A042100EF956A /* LaunchScreen.storyboard */ = {
			isa = PBXVariantGroup;
			children = (
				D2842075288A042100EF956A /* Base */,
			);
			name = LaunchScreen.storyboard;
			sourceTree = "<group>";
		};
/* End PBXVariantGroup section */

/* Begin XCBuildConfiguration section */
		D284208E288A042100EF956A /* Debug */ = {
			isa = XCBuildConfiguration;
			buildSettings = {
				ALWAYS_SEARCH_USER_PATHS = NO;
				CLANG_ANALYZER_NONNULL = YES;
				CLANG_ANALYZER_NUMBER_OBJECT_CONVERSION = YES_AGGRESSIVE;
				CLANG_CXX_LANGUAGE_STANDARD = "gnu++17";
				CLANG_ENABLE_MODULES = YES;
				CLANG_ENABLE_OBJC_ARC = YES;
				CLANG_ENABLE_OBJC_WEAK = YES;
				CLANG_WARN_BLOCK_CAPTURE_AUTORELEASING = YES;
				CLANG_WARN_BOOL_CONVERSION = YES;
				CLANG_WARN_COMMA = YES;
				CLANG_WARN_CONSTANT_CONVERSION = YES;
				CLANG_WARN_DEPRECATED_OBJC_IMPLEMENTATIONS = YES;
				CLANG_WARN_DIRECT_OBJC_ISA_USAGE = YES_ERROR;
				CLANG_WARN_DOCUMENTATION_COMMENTS = YES;
				CLANG_WARN_EMPTY_BODY = YES;
				CLANG_WARN_ENUM_CONVERSION = YES;
				CLANG_WARN_INFINITE_RECURSION = YES;
				CLANG_WARN_INT_CONVERSION = YES;
				CLANG_WARN_NON_LITERAL_NULL_CONVERSION = YES;
				CLANG_WARN_OBJC_IMPLICIT_RETAIN_SELF = YES;
				CLANG_WARN_OBJC_LITERAL_CONVERSION = YES;
				CLANG_WARN_OBJC_ROOT_CLASS = YES_ERROR;
				CLANG_WARN_QUOTED_INCLUDE_IN_FRAMEWORK_HEADER = YES;
				CLANG_WARN_RANGE_LOOP_ANALYSIS = YES;
				CLANG_WARN_STRICT_PROTOTYPES = YES;
				CLANG_WARN_SUSPICIOUS_MOVE = YES;
				CLANG_WARN_UNGUARDED_AVAILABILITY = YES_AGGRESSIVE;
				CLANG_WARN_UNREACHABLE_CODE = YES;
				CLANG_WARN__DUPLICATE_METHOD_MATCH = YES;
				COPY_PHASE_STRIP = NO;
				DEBUG_INFORMATION_FORMAT = dwarf;
				ENABLE_STRICT_OBJC_MSGSEND = YES;
				ENABLE_TESTABILITY = YES;
				GCC_C_LANGUAGE_STANDARD = gnu11;
				GCC_DYNAMIC_NO_PIC = NO;
				GCC_NO_COMMON_BLOCKS = YES;
				GCC_OPTIMIZATION_LEVEL = 0;
				GCC_PREPROCESSOR_DEFINITIONS = (
					"DEBUG=1",
					"$(inherited)",
				);
				GCC_WARN_64_TO_32_BIT_CONVERSION = YES;
				GCC_WARN_ABOUT_RETURN_TYPE = YES_ERROR;
				GCC_WARN_UNDECLARED_SELECTOR = YES;
				GCC_WARN_UNINITIALIZED_AUTOS = YES_AGGRESSIVE;
				GCC_WARN_UNUSED_FUNCTION = YES;
				GCC_WARN_UNUSED_VARIABLE = YES;
				IPHONEOS_DEPLOYMENT_TARGET = 15.5;
				MTL_ENABLE_DEBUG_INFO = INCLUDE_SOURCE;
				MTL_FAST_MATH = YES;
				ONLY_ACTIVE_ARCH = YES;
				SDKROOT = iphoneos;
				SWIFT_ACTIVE_COMPILATION_CONDITIONS = DEBUG;
				SWIFT_OPTIMIZATION_LEVEL = "-Onone";
			};
			name = Debug;
		};
		D284208F288A042100EF956A /* Release */ = {
			isa = XCBuildConfiguration;
			buildSettings = {
				ALWAYS_SEARCH_USER_PATHS = NO;
				CLANG_ANALYZER_NONNULL = YES;
				CLANG_ANALYZER_NUMBER_OBJECT_CONVERSION = YES_AGGRESSIVE;
				CLANG_CXX_LANGUAGE_STANDARD = "gnu++17";
				CLANG_ENABLE_MODULES = YES;
				CLANG_ENABLE_OBJC_ARC = YES;
				CLANG_ENABLE_OBJC_WEAK = YES;
				CLANG_WARN_BLOCK_CAPTURE_AUTORELEASING = YES;
				CLANG_WARN_BOOL_CONVERSION = YES;
				CLANG_WARN_COMMA = YES;
				CLANG_WARN_CONSTANT_CONVERSION = YES;
				CLANG_WARN_DEPRECATED_OBJC_IMPLEMENTATIONS = YES;
				CLANG_WARN_DIRECT_OBJC_ISA_USAGE = YES_ERROR;
				CLANG_WARN_DOCUMENTATION_COMMENTS = YES;
				CLANG_WARN_EMPTY_BODY = YES;
				CLANG_WARN_ENUM_CONVERSION = YES;
				CLANG_WARN_INFINITE_RECURSION = YES;
				CLANG_WARN_INT_CONVERSION = YES;
				CLANG_WARN_NON_LITERAL_NULL_CONVERSION = YES;
				CLANG_WARN_OBJC_IMPLICIT_RETAIN_SELF = YES;
				CLANG_WARN_OBJC_LITERAL_CONVERSION = YES;
				CLANG_WARN_OBJC_ROOT_CLASS = YES_ERROR;
				CLANG_WARN_QUOTED_INCLUDE_IN_FRAMEWORK_HEADER = YES;
				CLANG_WARN_RANGE_LOOP_ANALYSIS = YES;
				CLANG_WARN_STRICT_PROTOTYPES = YES;
				CLANG_WARN_SUSPICIOUS_MOVE = YES;
				CLANG_WARN_UNGUARDED_AVAILABILITY = YES_AGGRESSIVE;
				CLANG_WARN_UNREACHABLE_CODE = YES;
				CLANG_WARN__DUPLICATE_METHOD_MATCH = YES;
				COPY_PHASE_STRIP = NO;
				DEBUG_INFORMATION_FORMAT = "dwarf-with-dsym";
				ENABLE_NS_ASSERTIONS = NO;
				ENABLE_STRICT_OBJC_MSGSEND = YES;
				GCC_C_LANGUAGE_STANDARD = gnu11;
				GCC_NO_COMMON_BLOCKS = YES;
				GCC_WARN_64_TO_32_BIT_CONVERSION = YES;
				GCC_WARN_ABOUT_RETURN_TYPE = YES_ERROR;
				GCC_WARN_UNDECLARED_SELECTOR = YES;
				GCC_WARN_UNINITIALIZED_AUTOS = YES_AGGRESSIVE;
				GCC_WARN_UNUSED_FUNCTION = YES;
				GCC_WARN_UNUSED_VARIABLE = YES;
				IPHONEOS_DEPLOYMENT_TARGET = 15.5;
				MTL_ENABLE_DEBUG_INFO = NO;
				MTL_FAST_MATH = YES;
				SDKROOT = iphoneos;
				SWIFT_COMPILATION_MODE = wholemodule;
				SWIFT_OPTIMIZATION_LEVEL = "-O";
				VALIDATE_PRODUCT = YES;
			};
			name = Release;
		};
		D2842091288A042100EF956A /* Debug */ = {
			isa = XCBuildConfiguration;
			buildSettings = {
				ASSETCATALOG_COMPILER_APPICON_NAME = AppIcon;
				ASSETCATALOG_COMPILER_GLOBAL_ACCENT_COLOR_NAME = AccentColor;
				CODE_SIGN_STYLE = Automatic;
				CURRENT_PROJECT_VERSION = 1;
				DEVELOPMENT_TEAM = ZX5B3693M2;
				GENERATE_INFOPLIST_FILE = YES;
				INFOPLIST_FILE = contentBlockerTest/Info.plist;
				INFOPLIST_KEY_UIApplicationSupportsIndirectInputEvents = YES;
				INFOPLIST_KEY_UILaunchStoryboardName = LaunchScreen;
				INFOPLIST_KEY_UIMainStoryboardFile = Main;
				INFOPLIST_KEY_UISupportedInterfaceOrientations_iPad = "UIInterfaceOrientationPortrait UIInterfaceOrientationPortraitUpsideDown UIInterfaceOrientationLandscapeLeft UIInterfaceOrientationLandscapeRight";
				INFOPLIST_KEY_UISupportedInterfaceOrientations_iPhone = "UIInterfaceOrientationPortrait UIInterfaceOrientationLandscapeLeft UIInterfaceOrientationLandscapeRight";
				LD_RUNPATH_SEARCH_PATHS = (
					"$(inherited)",
					"@executable_path/Frameworks",
				);
				MARKETING_VERSION = 1.0;
				PRODUCT_BUNDLE_IDENTIFIER = contentBlockerTest.contentBlockerTest;
				PRODUCT_NAME = "$(TARGET_NAME)";
				SWIFT_EMIT_LOC_STRINGS = YES;
				SWIFT_VERSION = 5.0;
				TARGETED_DEVICE_FAMILY = "1,2";
			};
			name = Debug;
		};
		D2842092288A042100EF956A /* Release */ = {
			isa = XCBuildConfiguration;
			buildSettings = {
				ASSETCATALOG_COMPILER_APPICON_NAME = AppIcon;
				ASSETCATALOG_COMPILER_GLOBAL_ACCENT_COLOR_NAME = AccentColor;
				CODE_SIGN_STYLE = Automatic;
				CURRENT_PROJECT_VERSION = 1;
				DEVELOPMENT_TEAM = ZX5B3693M2;
				GENERATE_INFOPLIST_FILE = YES;
				INFOPLIST_FILE = contentBlockerTest/Info.plist;
				INFOPLIST_KEY_UIApplicationSupportsIndirectInputEvents = YES;
				INFOPLIST_KEY_UILaunchStoryboardName = LaunchScreen;
				INFOPLIST_KEY_UIMainStoryboardFile = Main;
				INFOPLIST_KEY_UISupportedInterfaceOrientations_iPad = "UIInterfaceOrientationPortrait UIInterfaceOrientationPortraitUpsideDown UIInterfaceOrientationLandscapeLeft UIInterfaceOrientationLandscapeRight";
				INFOPLIST_KEY_UISupportedInterfaceOrientations_iPhone = "UIInterfaceOrientationPortrait UIInterfaceOrientationLandscapeLeft UIInterfaceOrientationLandscapeRight";
				LD_RUNPATH_SEARCH_PATHS = (
					"$(inherited)",
					"@executable_path/Frameworks",
				);
				MARKETING_VERSION = 1.0;
				PRODUCT_BUNDLE_IDENTIFIER = contentBlockerTest.contentBlockerTest;
				PRODUCT_NAME = "$(TARGET_NAME)";
				SWIFT_EMIT_LOC_STRINGS = YES;
				SWIFT_VERSION = 5.0;
				TARGETED_DEVICE_FAMILY = "1,2";
			};
			name = Release;
		};
		D2842094288A042100EF956A /* Debug */ = {
			isa = XCBuildConfiguration;
			buildSettings = {
				ALWAYS_EMBED_SWIFT_STANDARD_LIBRARIES = YES;
				BUNDLE_LOADER = "$(TEST_HOST)";
				CODE_SIGN_STYLE = Automatic;
				CURRENT_PROJECT_VERSION = 1;
				DEVELOPMENT_TEAM = ZX5B3693M2;
				GENERATE_INFOPLIST_FILE = YES;
				IPHONEOS_DEPLOYMENT_TARGET = 15.5;
				MARKETING_VERSION = 1.0;
				PRODUCT_BUNDLE_IDENTIFIER = contentBlockerTest.contentBlockerTestTests;
				PRODUCT_NAME = "$(TARGET_NAME)";
				SWIFT_EMIT_LOC_STRINGS = NO;
				SWIFT_VERSION = 5.0;
				TARGETED_DEVICE_FAMILY = "1,2";
				TEST_HOST = "$(BUILT_PRODUCTS_DIR)/contentBlockerTest.app/contentBlockerTest";
			};
			name = Debug;
		};
		D2842095288A042100EF956A /* Release */ = {
			isa = XCBuildConfiguration;
			buildSettings = {
				ALWAYS_EMBED_SWIFT_STANDARD_LIBRARIES = YES;
				BUNDLE_LOADER = "$(TEST_HOST)";
				CODE_SIGN_STYLE = Automatic;
				CURRENT_PROJECT_VERSION = 1;
				DEVELOPMENT_TEAM = ZX5B3693M2;
				GENERATE_INFOPLIST_FILE = YES;
				IPHONEOS_DEPLOYMENT_TARGET = 15.5;
				MARKETING_VERSION = 1.0;
				PRODUCT_BUNDLE_IDENTIFIER = contentBlockerTest.contentBlockerTestTests;
				PRODUCT_NAME = "$(TARGET_NAME)";
				SWIFT_EMIT_LOC_STRINGS = NO;
				SWIFT_VERSION = 5.0;
				TARGETED_DEVICE_FAMILY = "1,2";
				TEST_HOST = "$(BUILT_PRODUCTS_DIR)/contentBlockerTest.app/contentBlockerTest";
			};
			name = Release;
		};
		D2842097288A042100EF956A /* Debug */ = {
			isa = XCBuildConfiguration;
			buildSettings = {
				ALWAYS_EMBED_SWIFT_STANDARD_LIBRARIES = YES;
				CODE_SIGN_STYLE = Automatic;
				CURRENT_PROJECT_VERSION = 1;
				DEVELOPMENT_TEAM = ZX5B3693M2;
				GENERATE_INFOPLIST_FILE = YES;
				MARKETING_VERSION = 1.0;
				PRODUCT_BUNDLE_IDENTIFIER = contentBlockerTest.contentBlockerTestUITests;
				PRODUCT_NAME = "$(TARGET_NAME)";
				SWIFT_EMIT_LOC_STRINGS = NO;
				SWIFT_VERSION = 5.0;
				TARGETED_DEVICE_FAMILY = "1,2";
				TEST_TARGET_NAME = contentBlockerTest;
			};
			name = Debug;
		};
		D2842098288A042100EF956A /* Release */ = {
			isa = XCBuildConfiguration;
			buildSettings = {
				ALWAYS_EMBED_SWIFT_STANDARD_LIBRARIES = YES;
				CODE_SIGN_STYLE = Automatic;
				CURRENT_PROJECT_VERSION = 1;
				DEVELOPMENT_TEAM = ZX5B3693M2;
				GENERATE_INFOPLIST_FILE = YES;
				MARKETING_VERSION = 1.0;
				PRODUCT_BUNDLE_IDENTIFIER = contentBlockerTest.contentBlockerTestUITests;
				PRODUCT_NAME = "$(TARGET_NAME)";
				SWIFT_EMIT_LOC_STRINGS = NO;
				SWIFT_VERSION = 5.0;
				TARGETED_DEVICE_FAMILY = "1,2";
				TEST_TARGET_NAME = contentBlockerTest;
			};
			name = Release;
		};
/* End XCBuildConfiguration section */

/* Begin XCConfigurationList section */
		D2842061288A042000EF956A /* Build configuration list for PBXProject "contentBlockerTest" */ = {
			isa = XCConfigurationList;
			buildConfigurations = (
				D284208E288A042100EF956A /* Debug */,
				D284208F288A042100EF956A /* Release */,
			);
			defaultConfigurationIsVisible = 0;
			defaultConfigurationName = Release;
		};
		D2842090288A042100EF956A /* Build configuration list for PBXNativeTarget "contentBlockerTest" */ = {
			isa = XCConfigurationList;
			buildConfigurations = (
				D2842091288A042100EF956A /* Debug */,
				D2842092288A042100EF956A /* Release */,
			);
			defaultConfigurationIsVisible = 0;
			defaultConfigurationName = Release;
		};
		D2842093288A042100EF956A /* Build configuration list for PBXNativeTarget "contentBlockerTestTests" */ = {
			isa = XCConfigurationList;
			buildConfigurations = (
				D2842094288A042100EF956A /* Debug */,
				D2842095288A042100EF956A /* Release */,
			);
			defaultConfigurationIsVisible = 0;
			defaultConfigurationName = Release;
		};
		D2842096288A042100EF956A /* Build configuration list for PBXNativeTarget "contentBlockerTestUITests" */ = {
			isa = XCConfigurationList;
			buildConfigurations = (
				D2842097288A042100EF956A /* Debug */,
				D2842098288A042100EF956A /* Release */,
			);
			defaultConfigurationIsVisible = 0;
			defaultConfigurationName = Release;
		};
/* End XCConfigurationList section */
	};
	rootObject = D284205E288A042000EF956A /* Project object */;
}
